
Microsoft Visual Studio Solution File, Format Version 12.00
# Visual Studio Version 16
VisualStudioVersion = 16.0.30611.23
MinimumVisualStudioVersion = 10.0.40219.1
Project("{FAE04EC0-301F-11D3-BF4B-00C04F79EFBC}") = "Coder_LZ77", "Coder_LZ77\Coder_LZ77.csproj", "{887B00C0-5A8B-49CD-83F9-175A006E892E}"
EndProject
Global
	GlobalSection(SolutionConfigurationPlatforms) = preSolution
		Debug|Any CPU = Debug|Any CPU
		Release|Any CPU = Release|Any CPU
	EndGlobalSection
	GlobalSection(ProjectConfigurationPlatforms) = postSolution
		{887B00C0-5A8B-49CD-83F9-175A006E892E}.Debug|Any CPU.ActiveCfg = Debug|Any CPU
		{887B00C0-5A8B-49CD-83F9-175A006E892E}.Debug|Any CPU.Build.0 = Debug|Any CPU
		{887B00C0-5A8B-49CD-83F9-175A006E892E}.Release|Any CPU.ActiveCfg = Release|Any CPU
		{887B00C0-5A8B-49CD-83F9-175A006E892E}.Release|Any CPU.Build.0 = Release|Any CPU
	EndGlobalSection
	GlobalSection(SolutionProperties) = preSolution
		HideSolutionNode = FALSE
	EndGlobalSection
	GlobalSection(ExtensibilityGlobals) = postSolution
		SolutionGuid = {32C78A88-A1B7-423B-B55C-D3AE91EF3E2F}
	EndGlobalSection
EndGlobal
